github.com/davecgh/go-spew v1.1.0/go.mod h1:J7Y8YcW2NihsgmVo/mv3lAwl/skON4iLHjSsI+c5H38=
github.com/davecgh/go-spew v1.1.1 h1:vj9j/u1bqnvCEfJOwUhtlOARqs3+rkHYY13jYWTU97c=
github.com/davecgh/go-spew v1.1.1/go.mod h1:J7Y8YcW2NihsgmVo/mv3lAwl/skON4iLHjSsI+c5H38=
github.com/go-sql-driver/mysql v1.4.1 h1:g24URVg0OFbNUTx9qqY1IRZ9D9z3iPyi5zKhQZpNwpA=
github.com/go-sql-driver/mysql v1.4.1/go.mod h1:zAC/RDZ24gD3HViQzih4MyKcchzm+sOG5ZlKdlhCg5w=
github.com/gobuffalo/attrs v0.0.0-20190224210810-a9411de4debd/go.mod h1:4duuawTqi2wkkpB4ePgWMaai6/Kc6WEz83bhFwpHzj0=
github.com/gobuffalo/depgen v0.0.0-20190329151759-d478694a28d3/go.mod h1:3STtPUQYuzV0gBVOY3vy6CfMm/ljR4pABfrTeHNLHUY=
github.com/gobuffalo/envy v1.6.15 h1:OsV5vOpHYUpP7ZLS6sem1y40/lNX1BZj+ynMiRi21lQ=
github.com/gobuffalo/envy v1.6.15/go.mod h1:n7DRkBerg/aorDM8kbduw5dN3oXGswK5liaSCx4T5NI=
github.com/gobuffalo/envy v1.7.0 h1:GlXgaiBkmrYMHco6t4j7SacKO4XUjvh5pwXh0f4uxXU=
github.com/gobuffalo/envy v1.7.0/go.mod h1:n7DRkBerg/aorDM8kbduw5dN3oXGswK5liaSCx4T5NI=
github.com/gobuffalo/flect v0.1.0/go.mod h1:d2ehjJqGOH/Kjqcoz+F7jHTBbmDb38yXA598Hb50EGs=
github.com/gobuffalo/flect v0.1.1/go.mod h1:8JCgGVbRjJhVgD6399mQr4fx5rRfGKVzFjbj6RE/9UI=
github.com/gobuffalo/genny v0.0.0-20190329151137-27723ad26ef9/go.mod h1:rWs4Z12d1Zbf19rlsn0nurr75KqhYp52EAGGxTbBhNk=
github.com/gobuffalo/genny v0.0.0-20190403191548-3ca520ef0d9e/go.mod h1:80lIj3kVJWwOrXWWMRzzdhW3DsrdjILVil/SFKBzF28=
github.com/gobuffalo/gitgen v0.0.0-20190315122116-cc086187d211/go.mod h1:vEHJk/E9DmhejeLeNt7UVvlSGv3ziL+djtTr3yyzcOw=
github.com/gobuffalo/gogen v0.0.0-20190315121717-8f38393713f5 h1:f3Fpd5AqsFuTHUEhUeEMIFJkX8FpVnzdW+GpYxIyXkA=
github.com/gobuffalo/gogen v0.0.0-20190315121717-8f38393713f5/go.mod h1:V9QVDIxsgKNZs6L2IYiGR8datgMhB577vzTDqypH360=
github.com/gobuffalo/logger v0.0.0-20190315122211-86e12af44bc2 h1:8thhT+kUJMTMy3HlX4+y9Da+BNJck+p109tqqKp7WDs=
github.com/gobuffalo/logger v0.0.0-20190315122211-86e12af44bc2/go.mod h1:QdxcLw541hSGtBnhUc4gaNIXRjiDppFGaDqzbrBd3v8=
github.com/gobuffalo/mapi v1.0.1 h1:JRuTiZzDEZhBHkFiHTxJkYRT6CbYuL0K/rn+1byJoEA=
github.com/gobuffalo/mapi v1.0.1/go.mod h1:4VAGh89y6rVOvm5A8fKFxYG+wIW6LO1FMTG9hnKStFc=
github.com/gobuffalo/mapi v1.0.2/go.mod h1:4VAGh89y6rVOvm5A8fKFxYG+wIW6LO1FMTG9hnKStFc=
github.com/gobuffalo/packd v0.0.0-20190315124812-a385830c7fc0 h1:P6naWPiHm/7R3eYx/ub3VhaW9G+1xAMJ6vzACePaGPI=
github.com/gobuffalo/packd v0.0.0-20190315124812-a385830c7fc0/go.mod h1:M2Juc+hhDXf/PnmBANFCqx4DM3wRbgDvnVWeG2RIxq4=
github.com/gobuffalo/packd v0.1.0 h1:4sGKOD8yaYJ+dek1FDkwcxCHA40M4kfKgFHx8N2kwbU=
github.com/gobuffalo/packd v0.1.0/go.mod h1:M2Juc+hhDXf/PnmBANFCqx4DM3wRbgDvnVWeG2RIxq4=
github.com/gobuffalo/packr v1.25.0 h1:NtPK45yOKFdTKHTvRGKL+UIKAKmJVWIVJOZBDI/qEdY=
github.com/gobuffalo/packr v1.25.0/go.mod h1:NqsGg8CSB2ZD+6RBIRs18G7aZqdYDlYNNvsSqP6T4/U=
github.com/gobuffalo/packr/v2 v2.0.9/go.mod h1:emmyGweYTm6Kdper+iywB6YK5YzuKchGtJQZ0Odn4pQ=
github.com/gobuffalo/packr/v2 v2.1.0/go.mod h1:n90ZuXIc2KN2vFAOQascnPItp9A2g9QYSvYvS3AjQEM=
github.com/gobuffalo/syncx v0.0.0-20190224160051-33c29581e754 h1:tpom+2CJmpzAWj5/VEHync2rJGi+epHNIeRSWjzGA+4=
github.com/gobuffalo/syncx v0.0.0-20190224160051-33c29581e754/go.mod h1:HhnNqWY95UYwwW3uSASeV7vtgYkT2t16hJgV3AEPUpw=
github.com/golang/protobuf v1.2.0/go.mod h1:6lQm79b+lXiMfvg/cZm0SGofjICqVBUtrP5yJMmIC1U=
github.com/inconshreveable/mousetrap v1.0.0 h1:Z8tu5sraLXCXIcARxBp/8cbvlwVa7Z1NHg9XEKhtSvM=
github.com/inconshreveable/mousetrap v1.0.0/go.mod h1:PxqpIevigyE2G7u3NXJIT2ANytuPF1OarO4DADm73n8=
github.com/joho/godotenv v1.3.0 h1:Zjp+RcGpHhGlrMbJzXTrZZPrWj+1vfm90La1wgB6Bhc=
github.com/joho/godotenv v1.3.0/go.mod h1:7hK45KPybAkOC6peb+G5yklZfMxEjkZhHbwpqxOKXbg=
github.com/karrick/godirwalk v1.8.0 h1:ycpSqVon/QJJoaT1t8sae0tp1Stg21j+dyuS7OoagcA=
github.com/karrick/godirwalk v1.8.0/go.mod h1:H5KPZjojv4lE+QYImBI8xVtrBRgYrIVsaRPx4tDPEn4=
github.com/konsorten/go-windows-terminal-sequences v1.0.1/go.mod h1:T0+1ngSBFLxvqU3pZ+m/2kptfBszLMUkC4ZK/EgS/cQ=
github.com/kr/pretty v0.1.0 h1:L/CwN0zerZDmRFUapSPitk6f+Q3+0za1rQkzVuMiMFI=
github.com/kr/pretty v0.1.0/go.mod h1:dAy3ld7l9f0ibDNOQOHHMYYIIbhfbHSm3C4ZsoJORNo=
github.com/kr/pty v1.1.1/go.mod h1:pFQYn66WHrOpPYNljwOMqo10TkYh1fy3cYio2l3bCsQ=
github.com/kr/text v0.1.0 h1:45sCR5RtlFHMR4UwH9sdQ5TC8v0qDQCHnXt+kaKSTVE=
github.com/kr/text v0.1.0/go.mod h1:4Jbv+DJW3UT/LiOwJeYQe1efqtUx/iVham/4vfdArNI=
github.com/labstack/gommon v0.2.8 h1:JvRqmeZcfrHC5u6uVleB4NxxNbzx6gpbJiQknDbKQu0=
github.com/labstack/gommon v0.2.8/go.mod h1:/tj9csK2iPSBvn+3NLM9e52usepMtrd5ilFYA+wQNJ4=
github.com/lib/pq v1.1.0 h1:/5u4a+KGJptBRqGzPvYQL9p0d/tPR4S31+Tnzj9lEO4=
github.com/lib/pq v1.1.0/go.mod h1:5WUZQaWbwv1U+lTReE5YruASi9Al49XbQIvNi/34Woo=
github.com/loadoff/excl v0.0.0-20171207172601-c6a9e4c4b4c4 h1:DNMe4L3ukcDtRt3Q/5Y4VcLnqs8iIo4hm6bPPt1OR1s=
github.com/loadoff/excl v0.0.0-20171207172601-c6a9e4c4b4c4/go.mod h1:nVZOIVwZIBGHgJj8QWr2IsA5E/hpqGObvtWfZHLkchM=
github.com/markbates/oncer v0.0.0-20181203154359-bf2de49a0be2 h1:JgVTCPf0uBVcUSWpyXmGpgOc62nK5HWUBKAGc3Qqa5k=
github.com/markbates/oncer v0.0.0-20181203154359-bf2de49a0be2/go.mod h1:Ld9puTsIW75CHf65OeIOkyKbteujpZVXDpWK6YGZbxE=
github.com/markbates/safe v1.0.1 h1:yjZkbvRM6IzKj9tlu/zMJLS0n/V351OZWRnF3QfaUxI=
github.com/markbates/safe v1.0.1/go.mod h1:nAqgmRi7cY2nqMc92/bSEeQA+R4OheNU2T1kNSCBdG0=
github.com/mattn/go-colorable v0.1.1 h1:G1f5SKeVxmagw/IyvzvtZE4Gybcc4Tr1tf7I8z0XgOg=
github.com/mattn/go-colorable v0.1.1/go.mod h1:FuOcm+DKB9mbwrcAfNl7/TZVBZ6rcnceauSikq3lYCQ=
github.com/mattn/go-isatty v0.0.5 h1:tHXDdz1cpzGaovsTB+TVB8q90WEokoVmfMqoVcrLUgw=
github.com/mattn/go-isatty v0.0.5/go.mod h1:Iq45c/XA43vh69/j3iqttzPXn0bhXyGjM0Hdxcsrc5s=
github.com/mattn/go-isatty v0.0.7 h1:UvyT9uN+3r7yLEYSlJsbQGdsaB/a0DlgWP3pql6iwOc=
github.com/mattn/go-isatty v0.0.7/go.mod h1:Iq45c/XA43vh69/j3iqttzPXn0bhXyGjM0Hdxcsrc5s=
github.com/mattn/go-runewidth v0.0.4 h1:2BvfKmzob6Bmd4YsL0zygOqfdFnK7GR4QL06Do4/p7Y=
github.com/mattn/go-runewidth v0.0.4/go.mod h1:LwmH8dsx7+W8Uxz3IHJYH5QSwggIsqBzpuz5H//U1FU=
github.com/mattn/go-sqlite3 v1.10.0 h1:jbhqpg7tQe4SupckyijYiy0mJJ/pRyHvXf7JdWK860o=
github.com/mattn/go-sqlite3 v1.10.0/go.mod h1:FPy6KqzDD04eiIsT53CuJW3U88zkxoIYsOqkbpncsNc=
github.com/pkg/errors v0.8.0 h1:WdK/asTD0HN+q6hsWO3/vpuAkAr+tw6aNJNDFFf0+qw=
github.com/pkg/errors v0.8.0/go.mod h1:bwawxfHBFNV+L2hUp1rHADufV3IMtnDRdf1r5NINEl0=
github.com/pkg/errors v0.8.1 h1:iURUrRGxPUNPdy5/HRSm+Yj6okJ6UtLINN0Q9M4+h3I=
github.com/pkg/errors v0.8.1/go.mod h1:bwawxfHBFNV+L2hUp1rHADufV3IMtnDRdf1r5NINEl0=
github.com/pmezard/go-difflib v1.0.0 h1:4DBwDE0NGyQoBHbLQYPwSUPoCMWR5BEzIk/f1lZbAQM=
github.com/pmezard/go-difflib v1.0.0/go.mod h1:iKH77koFhYxTK1pcRnkKkqfTogsbg7gZNVY4sRDYZ/4=
github.com/rogpeppe/go-internal v1.1.0/go.mod h1:M8bDsm7K2OlrFYOpmOWEs/qY81heoFRclV5y23lUDJ4=
github.com/rogpeppe/go-internal v1.2.2 h1:J7U/N7eRtzjhs26d6GqMh2HBuXP8/Z64Densiiieafo=
github.com/rogpeppe/go-internal v1.2.2/go.mod h1:M8bDsm7K2OlrFYOpmOWEs/qY81heoFRclV5y23lUDJ4=
github.com/rogpeppe/go-internal v1.3.0 h1:RR9dF3JtopPvtkroDZuVD7qquD0bnHlKSqaQhgwt8yk=
github.com/rogpeppe/go-internal v1.3.0/go.mod h1:M8bDsm7K2OlrFYOpmOWEs/qY81heoFRclV5y23lUDJ4=
github.com/sirupsen/logrus v1.4.0 h1:yKenngtzGh+cUSSh6GWbxW2abRqhYUSR/t/6+2QqNvE=
github.com/sirupsen/logrus v1.4.0/go.mod h1:LxeOpSwHxABJmUn/MG1IvRgCAasNZTLOkJPxbbu5VWo=
github.com/sirupsen/logrus v1.4.1/go.mod h1:ni0Sbl8bgC9z8RoU9G6nDWqqs/fq4eDPysMBDgk/93Q=
github.com/spf13/cobra v0.0.3 h1:ZlrZ4XsMRm04Fr5pSFxBgfND2EBVa1nLpiy1stUsX/8=
github.com/spf13/cobra v0.0.3/go.mod h1:1l0Ry5zgKvJasoi3XT1TypsSe7PqH0Sj9dhYf7v3XqQ=
github.com/spf13/pflag v1.0.3 h1:zPAT6CGy6wXeQ7NtTnaTerfKOsV6V6F8agHXFiazDkg=
github.com/spf13/pflag v1.0.3/go.mod h1:DYY7MBk1bdzusC3SYhjObp+wFpr4gzcvqqNjLnInEg4=
github.com/stretchr/objx v0.1.0/go.mod h1:HFkY916IF+rwdDfMAkV7OtwuqBVzrE8GR6GFx+wExME=
github.com/stretchr/objx v0.1.1/go.mod h1:HFkY916IF+rwdDfMAkV7OtwuqBVzrE8GR6GFx+wExME=
github.com/stretchr/testify v1.2.2 h1:bSDNvY7ZPG5RlJ8otE/7V6gMiyenm9RtJ7IUVIAoJ1w=
github.com/stretchr/testify v1.2.2/go.mod h1:a8OnRcib4nhh0OaRAV+Yts87kKdq0PP7pXfy6kDkUVs=
github.com/stretchr/testify v1.3.0 h1:TivCn/peBQ7UY8ooIcPgZFpTNSz0Q2U6UrFlUfqbe0Q=
github.com/stretchr/testify v1.3.0/go.mod h1:M5WIy9Dh21IEIfnGCwXGc5bZfKNJtfHm1UVUgZn+9EI=
github.com/xo/dburl v0.0.0-20190203050942-98997a05b24f h1:mpE3N7Ao9j/miA6UsIpIsm925lXkff09BVQykBPtP9I=
github.com/xo/dburl v0.0.0-20190203050942-98997a05b24f/go.mod h1:g6rdekR8vgfVZrkLWfobLTm0kVez7GAN23mWtkGCJ14=
golang.org/x/crypto v0.0.0-20180904163835-0709b304e793/go.mod h1:6SG95UA2DQfeDnfUPMdvaQW0Q7yPrPDi9nlGo2tz2b4=
golang.org/x/crypto v0.0.0-20190308221718-c2843e01d9a2 h1:VklqNMn3ovrHsnt90PveolxSbWFaJdECFbxSq0Mqo2M=
golang.org/x/crypto v0.0.0-20190308221718-c2843e01d9a2/go.mod h1:djNgcEr1/C05ACkg1iLfiJU5Ep61QUkGW8qpdssI0+w=
golang.org/x/net v0.0.0-20180724234803-3673e40ba225/go.mod h1:mL1N/T3taQHkDXs73rZJwtUhF3w3ftmwwsq0BUmARs4=
golang.org/x/net v0.0.0-20190311183353-d8887717615a/go.mod h1:t9HGtf8HONx5eT2rtn7q6eTqICYqUVnKs3thJo3Qplg=
golang.org/x/sync v0.0.0-20190227155943-e225da77a7e6 h1:bjcUS9ztw9kFmmIxJInhon/0Is3p+EHBKNgquIzo1OI=
golang.org/x/sync v0.0.0-20190227155943-e225da77a7e6/go.mod h1:RxMgew5VJxzue5/jJTE5uejpjVlOe/izrB70Jof72aM=
golang.org/x/sync v0.0.0-20190412183630-56d357773e84/go.mod h1:RxMgew5VJxzue5/jJTE5uejpjVlOe/izrB70Jof72aM=
golang.org/x/sys v0.0.0-20180905080454-ebe1bf3edb33/go.mod h1:STP8DvDyc/dI5b8T5hshtkjS+E42TnysNCUPdjciGhY=
golang.org/x/sys v0.0.0-20190215142949-d0b11bdaac8a/go.mod h1:STP8DvDyc/dI5b8T5hshtkjS+E42TnysNCUPdjciGhY=
golang.org/x/sys v0.0.0-20190222072716-a9d3bda3a223/go.mod h1:STP8DvDyc/dI5b8T5hshtkjS+E42TnysNCUPdjciGhY=
golang.org/x/sys v0.0.0-20190424175732-18eb32c0e2f0 h1:V+O002es++Mnym06Rj/S6Fl7VCsgRBgVDGb/NoZVHUg=
golang.org/x/sys v0.0.0-20190424175732-18eb32c0e2f0/go.mod h1:h1NjWce9XRLGQEsW7wpKNCjG9DtNlClVuFLEZdDNbEs=
golang.org/x/text v0.3.0/go.mod h1:NqM8EUOU14njkJ3fqMW+pc6Ldnwhi/IjpwHt7yyuwOQ=
golang.org/x/text v0.3.1 h1:nsUiJHvm6yOoRozW9Tz0siNk9sHieLzR+w814Ihse3A=
golang.org/x/text v0.3.1/go.mod h1:bEr9sfX3Q8Zfm5fL9x+3itogRgK3+ptLWKqgva+5dAk=
golang.org/x/tools v0.0.0-20180917221912-90fa682c2a6e/go.mod h1:n7NCudcB/nEzxVGmLbDWY5pfWTLqBcC2KZ6jyYvM4mQ=
golang.org/x/tools v0.0.0-20190329151228-23e29df326fe/go.mod h1:LCzVGOaR6xXOjkQ3onu1FJEFr0SW1gC7cKk1uF8kGRs=
golang.org/x/tools v0.0.0-20190404132500-923d25813098/go.mod h1:LCzVGOaR6xXOjkQ3onu1FJEFr0SW1gC7cKk1uF8kGRs=
google.golang.org/appengine v1.5.0 h1:KxkO13IPW4Lslp2bz+KHP2E3gtFlrIGNThxkZQ3g+4c=
google.golang.org/appengine v1.5.0/go.mod h1:xpcJRLb0r/rnEns0DIKYYv+WjYCduHsrkT7/EB5XEv4=
gopkg.in/check.v1 v0.0.0-20161208181325-20d25e280405 h1:yhCVgyC4o1eVCa2tZl7eS0r+SDo693bJlVdllGtEeKM=
gopkg.in/check.v1 v0.0.0-20161208181325-20d25e280405/go.mod h1:Co6ibVJAznAaIkqp8huTwlJQCZ016jof/cbN4VW5Yz0=
gopkg.in/check.v1 v1.0.0-20180628173108-788fd7840127 h1:qIbj1fsPNlZgppZ+VLlY7N33q108Sa+fhmuc+sWQYwY=
gopkg.in/check.v1 v1.0.0-20180628173108-788fd7840127/go.mod h1:Co6ibVJAznAaIkqp8huTwlJQCZ016jof/cbN4VW5Yz0=
gopkg.in/errgo.v2 v2.1.0/go.mod h1:hNsd1EY+bozCKY1Ytp96fpM3vjJbqLJn88ws8XvfDNI=
gopkg.in/yaml.v2 v2.2.2 h1:ZCJp+EgiOT7lHqUV2J862kp8Qj64Jo6az82+3Td9dZw=
gopkg.in/yaml.v2 v2.2.2/go.mod h1:hI93XBmqTisBFMUTm0b8Fm+jr3Dg1NNxqwp+5A1VGuI=
